
Microsoft Visual Studio Solution File, Format Version 12.00
# Visual Studio Version 17
VisualStudioVersion = 17.7.34221.43
MinimumVisualStudioVersion = 10.0.40219.1
Project("{9A19103F-16F7-4668-BE54-9A1E7A4F7556}") = "LogManager", "LogManager\LogManager.csproj", "{46A9A04A-7A99-4A2B-8746-BD71F9B78C57}"
EndProject
Global
	GlobalSection(SolutionConfigurationPlatforms) = preSolution
		Debug|Any CPU = Debug|Any CPU
		Release|Any CPU = Release|Any CPU
	EndGlobalSection
	GlobalSection(ProjectConfigurationPlatforms) = postSolution
		{46A9A04A-7A99-4A2B-8746-BD71F9B78C57}.Debug|Any CPU.ActiveCfg = Debug|Any CPU
		{46A9A04A-7A99-4A2B-8746-BD71F9B78C57}.Debug|Any CPU.Build.0 = Debug|Any CPU
		{46A9A04A-7A99-4A2B-8746-BD71F9B78C57}.Release|Any CPU.ActiveCfg = Release|Any CPU
		{46A9A04A-7A99-4A2B-8746-BD71F9B78C57}.Release|Any CPU.Build.0 = Release|Any CPU
	EndGlobalSection
	GlobalSection(SolutionProperties) = preSolution
		HideSolutionNode = FALSE
	EndGlobalSection
	GlobalSection(ExtensibilityGlobals) = postSolution
		SolutionGuid = {FCF758C5-DC90-4A7F-89C1-0629281D8D2A}
	EndGlobalSection
EndGlobal
